langcode: en
status: true
dependencies:
  content:
    - 'block_content:basic:0e32bc60-33e7-461f-a47a-c28c3790dac7'
  module:
    - block_content
  theme:
    - food_delivery_theme
id: food_delivery_theme_footerfirstcolumnblock
theme: food_delivery_theme
region: footer_first
weight: -20
provider: null
plugin: 'block_content:0e32bc60-33e7-461f-a47a-c28c3790dac7'
settings:
  id: 'block_content:0e32bc60-33e7-461f-a47a-c28c3790dac7'
  label: 'Footer first column block'
  provider: block_content
  label_display: '0'
  status: true
  info: ''
  view_mode: full
visibility: {  }
