langcode: en
status: true
dependencies:
  content:
    - 'block_content:basic:9eaaeffc-b901-450e-a6b5-86ffbaa71e8a'
  module:
    - block_content
  theme:
    - food_delivery_theme
id: food_delivery_theme_menu_open_block
theme: food_delivery_theme
region: header
weight: -11
provider: null
plugin: 'block_content:9eaaeffc-b901-450e-a6b5-86ffbaa71e8a'
settings:
  id: 'block_content:9eaaeffc-b901-450e-a6b5-86ffbaa71e8a'
  label: 'Menu Open Block'
  provider: block_content
  label_display: visible
  status: true
  info: ''
  view_mode: full
visibility: {  }
